
Microsoft Visual Studio Solution File, Format Version 12.00
# Visual Studio Version 16
VisualStudioVersion = 16.0.32413.511
MinimumVisualStudioVersion = 10.0.40219.1
Project("{9A19103F-16F7-4668-BE54-9A1E7A4F7556}") = "CalendarApp", "CalendarApp.csproj", "{2844AAD2-9690-49A5-B4F9-91D525FE74EB}"
EndProject
Project("{E53339B2-1760-4266-BCC7-CA923CBCF16C}") = "docker-compose", "docker-compose.dcproj", "{46AF19D3-725D-414F-A255-20A5DCEE553B}"
EndProject
Global
	GlobalSection(SolutionConfigurationPlatforms) = preSolution
		Debug|Any CPU = Debug|Any CPU
		Release|Any CPU = Release|Any CPU
	EndGlobalSection
	GlobalSection(ProjectConfigurationPlatforms) = postSolution
		{2844AAD2-9690-49A5-B4F9-91D525FE74EB}.Debug|Any CPU.ActiveCfg = Debug|Any CPU
		{2844AAD2-9690-49A5-B4F9-91D525FE74EB}.Debug|Any CPU.Build.0 = Debug|Any CPU
		{2844AAD2-9690-49A5-B4F9-91D525FE74EB}.Release|Any CPU.ActiveCfg = Release|Any CPU
		{2844AAD2-9690-49A5-B4F9-91D525FE74EB}.Release|Any CPU.Build.0 = Release|Any CPU
		{46AF19D3-725D-414F-A255-20A5DCEE553B}.Debug|Any CPU.ActiveCfg = Debug|Any CPU
		{46AF19D3-725D-414F-A255-20A5DCEE553B}.Debug|Any CPU.Build.0 = Debug|Any CPU
		{46AF19D3-725D-414F-A255-20A5DCEE553B}.Release|Any CPU.ActiveCfg = Release|Any CPU
		{46AF19D3-725D-414F-A255-20A5DCEE553B}.Release|Any CPU.Build.0 = Release|Any CPU
	EndGlobalSection
	GlobalSection(SolutionProperties) = preSolution
		HideSolutionNode = FALSE
	EndGlobalSection
	GlobalSection(ExtensibilityGlobals) = postSolution
		SolutionGuid = {59337CFC-EC3C-44D1-9F07-0081E00E17ED}
	EndGlobalSection
EndGlobal
